
Microsoft Visual Studio Solution File, Format Version 12.00
# Visual Studio Version 17
VisualStudioVersion = 17.14.35821.62 d17.14
MinimumVisualStudioVersion = 10.0.40219.1
Project("{FAE04EC0-301F-11D3-BF4B-00C04F79EFBC}") = "Eticaret.WebUI", "Eticaret.WebUI\Eticaret.WebUI.csproj", "{E8E7E28A-5649-4BB8-9F49-33B745AB9481}"
EndProject
Project("{FAE04EC0-301F-11D3-BF4B-00C04F79EFBC}") = "Eticaret.Core", "Eticaret.Core\Eticaret.Core.csproj", "{952A64CC-EBC3-446E-97F8-A9B6940129BA}"
EndProject
Project("{FAE04EC0-301F-11D3-BF4B-00C04F79EFBC}") = "Eticaret.Data", "Eticaret.Data\Eticaret.Data.csproj", "{41A61B33-31C4-4B9A-AFDE-FCD0A53D2CF8}"
EndProject
Project("{FAE04EC0-301F-11D3-BF4B-00C04F79EFBC}") = "Eticaret.Service", "Eticaret.Service\Eticaret.Service.csproj", "{6B6E1118-6470-4003-9EE5-5E15D0DBDD5C}"
EndProject
Global
	GlobalSection(SolutionConfigurationPlatforms) = preSolution
		Debug|Any CPU = Debug|Any CPU
		Release|Any CPU = Release|Any CPU
	EndGlobalSection
	GlobalSection(ProjectConfigurationPlatforms) = postSolution
		{E8E7E28A-5649-4BB8-9F49-33B745AB9481}.Debug|Any CPU.ActiveCfg = Debug|Any CPU
		{E8E7E28A-5649-4BB8-9F49-33B745AB9481}.Debug|Any CPU.Build.0 = Debug|Any CPU
		{E8E7E28A-5649-4BB8-9F49-33B745AB9481}.Release|Any CPU.ActiveCfg = Release|Any CPU
		{E8E7E28A-5649-4BB8-9F49-33B745AB9481}.Release|Any CPU.Build.0 = Release|Any CPU
		{952A64CC-EBC3-446E-97F8-A9B6940129BA}.Debug|Any CPU.ActiveCfg = Debug|Any CPU
		{952A64CC-EBC3-446E-97F8-A9B6940129BA}.Debug|Any CPU.Build.0 = Debug|Any CPU
		{952A64CC-EBC3-446E-97F8-A9B6940129BA}.Release|Any CPU.ActiveCfg = Release|Any CPU
		{952A64CC-EBC3-446E-97F8-A9B6940129BA}.Release|Any CPU.Build.0 = Release|Any CPU
		{41A61B33-31C4-4B9A-AFDE-FCD0A53D2CF8}.Debug|Any CPU.ActiveCfg = Debug|Any CPU
		{41A61B33-31C4-4B9A-AFDE-FCD0A53D2CF8}.Debug|Any CPU.Build.0 = Debug|Any CPU
		{41A61B33-31C4-4B9A-AFDE-FCD0A53D2CF8}.Release|Any CPU.ActiveCfg = Release|Any CPU
		{41A61B33-31C4-4B9A-AFDE-FCD0A53D2CF8}.Release|Any CPU.Build.0 = Release|Any CPU
		{6B6E1118-6470-4003-9EE5-5E15D0DBDD5C}.Debug|Any CPU.ActiveCfg = Debug|Any CPU
		{6B6E1118-6470-4003-9EE5-5E15D0DBDD5C}.Debug|Any CPU.Build.0 = Debug|Any CPU
		{6B6E1118-6470-4003-9EE5-5E15D0DBDD5C}.Release|Any CPU.ActiveCfg = Release|Any CPU
		{6B6E1118-6470-4003-9EE5-5E15D0DBDD5C}.Release|Any CPU.Build.0 = Release|Any CPU
	EndGlobalSection
	GlobalSection(SolutionProperties) = preSolution
		HideSolutionNode = FALSE
	EndGlobalSection
	GlobalSection(ExtensibilityGlobals) = postSolution
		SolutionGuid = {9CC6CE69-4658-40D1-9FFE-09B1E4486C8D}
	EndGlobalSection
EndGlobal
